
Microsoft Visual Studio Solution File, Format Version 12.00
# Visual Studio Version 16
VisualStudioVersion = 25.0.1704.2
MinimumVisualStudioVersion = 10.0.40219.1
Project("{FAE04EC0-301F-11D3-BF4B-00C04F79EFBC}") = "Homework4", "Homework4.csproj", "{AF091A2C-7854-460A-8C07-6BF2247FA8FD}"
EndProject
Global
	GlobalSection(SolutionConfigurationPlatforms) = preSolution
		Debug|Any CPU = Debug|Any CPU
		Release|Any CPU = Release|Any CPU
	EndGlobalSection
	GlobalSection(ProjectConfigurationPlatforms) = postSolution
		{AF091A2C-7854-460A-8C07-6BF2247FA8FD}.Debug|Any CPU.ActiveCfg = Debug|Any CPU
		{AF091A2C-7854-460A-8C07-6BF2247FA8FD}.Debug|Any CPU.Build.0 = Debug|Any CPU
		{AF091A2C-7854-460A-8C07-6BF2247FA8FD}.Release|Any CPU.ActiveCfg = Release|Any CPU
		{AF091A2C-7854-460A-8C07-6BF2247FA8FD}.Release|Any CPU.Build.0 = Release|Any CPU
	EndGlobalSection
	GlobalSection(SolutionProperties) = preSolution
		HideSolutionNode = FALSE
	EndGlobalSection
	GlobalSection(ExtensibilityGlobals) = postSolution
		SolutionGuid = {9DD7FED2-01B4-4851-B733-64FC108874F9}
	EndGlobalSection
EndGlobal
